
Microsoft Visual Studio Solution File, Format Version 12.00
Project("{FAE04EC0-301F-11D3-BF4B-00C04F79EFBC}") = "Fms.Contractor", "Fms.Contractor\Fms.Contractor.csproj", "{6BA30F9D-1C47-49C2-BB02-8193E2008197}"
EndProject
Project("{2150E333-8FDC-42A3-9474-1A3956D46DE8}") = "Integrations", "Integrations", "{7DE76D28-38EA-4E74-8426-8A915A63CE2B}"
EndProject
Project("{2150E333-8FDC-42A3-9474-1A3956D46DE8}") = "ApplicationLayer", "ApplicationLayer", "{6C9FC34F-EB82-436F-8C0D-6CE2DBAB7EE5}"
EndProject
Project("{2150E333-8FDC-42A3-9474-1A3956D46DE8}") = "DomainLayer", "DomainLayer", "{D597D8B5-E682-459A-8E21-155810FDB119}"
EndProject
Project("{2150E333-8FDC-42A3-9474-1A3956D46DE8}") = "PersistanceLayer", "PersistanceLayer", "{A73BEF42-D660-4727-A414-2BF012E1FADB}"
EndProject
Project("{FAE04EC0-301F-11D3-BF4B-00C04F79EFBC}") = "Fms.Api", "Fms.Api\Fms.Api.csproj", "{E1DB42FD-E6C9-44A6-BEF8-6DEFA333C017}"
EndProject
Project("{FAE04EC0-301F-11D3-BF4B-00C04F79EFBC}") = "Fsm.Domain", "Fsm.Domain\Fsm.Domain.csproj", "{1A0A7E24-5476-47C1-B123-523327334F1C}"
EndProject
Project("{FAE04EC0-301F-11D3-BF4B-00C04F79EFBC}") = "Fsm.Application", "Fsm.Application\Fsm.Application.csproj", "{2B9D1602-AB8F-4A8E-8038-432D2BEDCCFB}"
EndProject
Project("{FAE04EC0-301F-11D3-BF4B-00C04F79EFBC}") = "Fsm.Infrastructure", "Fsm.Infrastructure\Fsm.Infrastructure.csproj", "{6A2EB7B3-5263-4587-AB36-7AF394E3D73F}"
EndProject
Project("{FAE04EC0-301F-11D3-BF4B-00C04F79EFBC}") = "BlazorApp1", "BlazorApp1\BlazorApp1.csproj", "{B54D1911-8315-42CF-BAD1-EF641006F03F}"
EndProject
Global
	GlobalSection(SolutionConfigurationPlatforms) = preSolution
		Debug|Any CPU = Debug|Any CPU
		Release|Any CPU = Release|Any CPU
	EndGlobalSection
	GlobalSection(ProjectConfigurationPlatforms) = postSolution
		{6BA30F9D-1C47-49C2-BB02-8193E2008197}.Debug|Any CPU.ActiveCfg = Debug|Any CPU
		{6BA30F9D-1C47-49C2-BB02-8193E2008197}.Debug|Any CPU.Build.0 = Debug|Any CPU
		{6BA30F9D-1C47-49C2-BB02-8193E2008197}.Release|Any CPU.ActiveCfg = Release|Any CPU
		{6BA30F9D-1C47-49C2-BB02-8193E2008197}.Release|Any CPU.Build.0 = Release|Any CPU
		{E1DB42FD-E6C9-44A6-BEF8-6DEFA333C017}.Debug|Any CPU.ActiveCfg = Debug|Any CPU
		{E1DB42FD-E6C9-44A6-BEF8-6DEFA333C017}.Debug|Any CPU.Build.0 = Debug|Any CPU
		{E1DB42FD-E6C9-44A6-BEF8-6DEFA333C017}.Release|Any CPU.ActiveCfg = Release|Any CPU
		{E1DB42FD-E6C9-44A6-BEF8-6DEFA333C017}.Release|Any CPU.Build.0 = Release|Any CPU
		{1A0A7E24-5476-47C1-B123-523327334F1C}.Debug|Any CPU.ActiveCfg = Debug|Any CPU
		{1A0A7E24-5476-47C1-B123-523327334F1C}.Debug|Any CPU.Build.0 = Debug|Any CPU
		{1A0A7E24-5476-47C1-B123-523327334F1C}.Release|Any CPU.ActiveCfg = Release|Any CPU
		{1A0A7E24-5476-47C1-B123-523327334F1C}.Release|Any CPU.Build.0 = Release|Any CPU
		{2B9D1602-AB8F-4A8E-8038-432D2BEDCCFB}.Debug|Any CPU.ActiveCfg = Debug|Any CPU
		{2B9D1602-AB8F-4A8E-8038-432D2BEDCCFB}.Debug|Any CPU.Build.0 = Debug|Any CPU
		{2B9D1602-AB8F-4A8E-8038-432D2BEDCCFB}.Release|Any CPU.ActiveCfg = Release|Any CPU
		{2B9D1602-AB8F-4A8E-8038-432D2BEDCCFB}.Release|Any CPU.Build.0 = Release|Any CPU
		{6A2EB7B3-5263-4587-AB36-7AF394E3D73F}.Debug|Any CPU.ActiveCfg = Debug|Any CPU
		{6A2EB7B3-5263-4587-AB36-7AF394E3D73F}.Debug|Any CPU.Build.0 = Debug|Any CPU
		{6A2EB7B3-5263-4587-AB36-7AF394E3D73F}.Release|Any CPU.ActiveCfg = Release|Any CPU
		{6A2EB7B3-5263-4587-AB36-7AF394E3D73F}.Release|Any CPU.Build.0 = Release|Any CPU
		{B54D1911-8315-42CF-BAD1-EF641006F03F}.Debug|Any CPU.ActiveCfg = Debug|Any CPU
		{B54D1911-8315-42CF-BAD1-EF641006F03F}.Debug|Any CPU.Build.0 = Debug|Any CPU
		{B54D1911-8315-42CF-BAD1-EF641006F03F}.Release|Any CPU.ActiveCfg = Release|Any CPU
		{B54D1911-8315-42CF-BAD1-EF641006F03F}.Release|Any CPU.Build.0 = Release|Any CPU
	EndGlobalSection
	GlobalSection(NestedProjects) = preSolution
		{6BA30F9D-1C47-49C2-BB02-8193E2008197} = {7DE76D28-38EA-4E74-8426-8A915A63CE2B}
		{2B9D1602-AB8F-4A8E-8038-432D2BEDCCFB} = {6C9FC34F-EB82-436F-8C0D-6CE2DBAB7EE5}
		{E1DB42FD-E6C9-44A6-BEF8-6DEFA333C017} = {7DE76D28-38EA-4E74-8426-8A915A63CE2B}
		{1A0A7E24-5476-47C1-B123-523327334F1C} = {D597D8B5-E682-459A-8E21-155810FDB119}
		{6A2EB7B3-5263-4587-AB36-7AF394E3D73F} = {A73BEF42-D660-4727-A414-2BF012E1FADB}
		{B54D1911-8315-42CF-BAD1-EF641006F03F} = {7DE76D28-38EA-4E74-8426-8A915A63CE2B}
	EndGlobalSection
EndGlobal
